{
  "nodes": {
    "hix": {
      "inputs": {
        "nixpkgs": [
          "nixpkgs"
        ]
      },
      "locked": {
        "lastModified": 1717035642,
        "narHash": "sha256-b2A/HXw1mtPmD/RaltXJoPGNU5T6LabUtWmbkYMX0as=",
        "rev": "4435fae77d2f786c34ddb81a69d4f5187d194319",
        "revCount": 749,
        "type": "tarball",
        "url": "https://api.flakehub.com/f/pinned/tek/hix/0.7.1/018fc74f-9983-7821-a660-5669000c0f67/source.tar.gz"
      },
      "original": {
        "type": "tarball",
        "url": "https://flakehub.com/f/tek/hix/~0.7.tar.gz"
      }
    },
    "nixpkgs": {
      "locked": {
        "lastModified": 1722421184,
        "narHash": "sha256-/DJBI6trCeVnasdjUo9pbnodCLZcFqnVZiLUfqLH4jA=",
        "owner": "NixOS",
        "repo": "nixpkgs",
        "rev": "9f918d616c5321ad374ae6cb5ea89c9e04bf3e58",
        "type": "github"
      },
      "original": {
        "owner": "NixOS",
        "ref": "nixos-unstable",
        "repo": "nixpkgs",
        "type": "github"
      }
    },
    "root": {
      "inputs": {
        "hix": "hix",
        "nixpkgs": "nixpkgs"
      }
    }
  },
  "root": "root",
  "version": 7
}
